// !$*UTF8*$!
{
	archiveVersion = 1;
	classes = {
	};
	objectVersion = 46;
	objects = {

/* Begin PBXBuildFile section */
		4BFEF4291B7168C00041A7DB /* main.cpp in Sources */ = {isa = PBXBuildFile; fileRef = 4BFEF4281B7168C00041A7DB /* main.cpp */; };
/* End PBXBuildFile section */

/* Begin PBXCopyFilesBuildPhase section */
		4BFEF4231B7168C00041A7DB /* CopyFiles */ = {
			isa = PBXCopyFilesBuildPhase;
			buildActionMask = 2147483647;
			dstPath = /usr/share/man/man1/;
			dstSubfolderSpec = 0;
			files = (
			);
			runOnlyForDeploymentPostprocessing = 1;
		};
/* End PBXCopyFilesBuildPhase section */

/* Begin PBXFileReference section */
		4BFEF4251B7168C00041A7DB /* Lesson9-1 */ = {isa = PBXFileReference; explicitFileType = "compiled.mach-o.executable"; includeInIndex = 0; path = "Lesson9-1"; sourceTree = BUILT_PRODUCTS_DIR; };
		4BFEF4281B7168C00041A7DB /* main.cpp */ = {isa = PBXFileReference; lastKnownFileType = sourcecode.cpp.cpp; path = main.cpp; sourceTree = "<group>"; };
		4BFEF4301B7169430041A7DB /* Tale.txt */ = {isa = PBXFileReference; fileEncoding = 4; lastKnownFileType = text; path = Tale.txt; sourceTree = "<group>"; };
		4BFEF4311B7169430041A7DB /* Tale3.txt */ = {isa = PBXFileReference; fileEncoding = 4; lastKnownFileType = text; path = Tale3.txt; sourceTree = "<group>"; };
/* End PBXFileReference section */

/* Begin PBXFrameworksBuildPhase section */
		4BFEF4221B7168C00041A7DB /* Frameworks */ = {
			isa = PBXFrameworksBuildPhase;
			buildActionMask = 2147483647;
			files = (
			);
			runOnlyForDeploymentPostprocessing = 0;
		};
/* End PBXFrameworksBuildPhase section */

/* Begin PBXGroup section */
		4BFEF41C1B7168C00041A7DB = {
			isa = PBXGroup;
			children = (
				4BFEF4271B7168C00041A7DB /* Lesson9-1 */,
				4BFEF4261B7168C00041A7DB /* Products */,
			);
			sourceTree = "<group>";
		};
		4BFEF4261B7168C00041A7DB /* Products */ = {
			isa = PBXGroup;
			children = (
				4BFEF4251B7168C00041A7DB /* Lesson9-1 */,
			);
			name = Products;
			sourceTree = "<group>";
		};
		4BFEF4271B7168C00041A7DB /* Lesson9-1 */ = {
			isa = PBXGroup;
			children = (
				4BFEF4301B7169430041A7DB /* Tale.txt */,
				4BFEF4311B7169430041A7DB /* Tale3.txt */,
				4BFEF4281B7168C00041A7DB /* main.cpp */,
			);
			path = "Lesson9-1";
			sourceTree = "<group>";
		};
/* End PBXGroup section */

/* Begin PBXNativeTarget section */
		4BFEF4241B7168C00041A7DB /* Lesson9-1 */ = {
			isa = PBXNativeTarget;
			buildConfigurationList = 4BFEF42C1B7168C00041A7DB /* Build configuration list for PBXNativeTarget "Lesson9-1" */;
			buildPhases = (
				4BFEF4211B7168C00041A7DB /* Sources */,
				4BFEF4221B7168C00041A7DB /* Frameworks */,
				4BFEF4231B7168C00041A7DB /* CopyFiles */,
			);
			buildRules = (
			);
			dependencies = (
			);
			name = "Lesson9-1";
			productName = "Lesson9-1";
			productReference = 4BFEF4251B7168C00041A7DB /* Lesson9-1 */;
			productType = "com.apple.product-type.tool";
		};
/* End PBXNativeTarget section */

/* Begin PBXProject section */
		4BFEF41D1B7168C00041A7DB /* Project object */ = {
			isa = PBXProject;
			attributes = {
				LastUpgradeCheck = 0630;
				ORGANIZATIONNAME = "Alexander Nohe";
				TargetAttributes = {
					4BFEF4241B7168C00041A7DB = {
						CreatedOnToolsVersion = 6.3.2;
					};
				};
			};
			buildConfigurationList = 4BFEF4201B7168C00041A7DB /* Build configuration list for PBXProject "Lesson9-1" */;
			compatibilityVersion = "Xcode 3.2";
			developmentRegion = English;
			hasScannedForEncodings = 0;
			knownRegions = (
				en,
			);
			mainGroup = 4BFEF41C1B7168C00041A7DB;
			productRefGroup = 4BFEF4261B7168C00041A7DB /* Products */;
			projectDirPath = "";
			projectRoot = "";
			targets = (
				4BFEF4241B7168C00041A7DB /* Lesson9-1 */,
			);
		};
/* End PBXProject section */

/* Begin PBXSourcesBuildPhase section */
		4BFEF4211B7168C00041A7DB /* Sources */ = {
			isa = PBXSourcesBuildPhase;
			buildActionMask = 2147483647;
			files = (
				4BFEF4291B7168C00041A7DB /* main.cpp in Sources */,
			);
			runOnlyForDeploymentPostprocessing = 0;
		};
/* End PBXSourcesBuildPhase section */

/* Begin XCBuildConfiguration section */
		4BFEF42A1B7168C00041A7DB /* Debug */ = {
			isa = XCBuildConfiguration;
			buildSettings = {
				ALWAYS_SEARCH_USER_PATHS = NO;
				CLANG_CXX_LANGUAGE_STANDARD = "gnu++0x";
				CLANG_CXX_LIBRARY = "libc++";
				CLANG_ENABLE_MODULES = YES;
				CLANG_ENABLE_OBJC_ARC = YES;
				CLANG_WARN_BOOL_CONVERSION = YES;
				CLANG_WARN_CONSTANT_CONVERSION = YES;
				CLANG_WARN_DIRECT_OBJC_ISA_USAGE = YES_ERROR;
				CLANG_WARN_EMPTY_BODY = YES;
				CLANG_WARN_ENUM_CONVERSION = YES;
				CLANG_WARN_INT_CONVERSION = YES;
				CLANG_WARN_OBJC_ROOT_CLASS = YES_ERROR;
				CLANG_WARN_UNREACHABLE_CODE = YES;
				CLANG_WARN__DUPLICATE_METHOD_MATCH = YES;
				COPY_PHASE_STRIP = NO;
				DEBUG_INFORMATION_FORMAT = dwarf;
				ENABLE_STRICT_OBJC_MSGSEND = YES;
				GCC_C_LANGUAGE_STANDARD = gnu99;
				GCC_DYNAMIC_NO_PIC = NO;
				GCC_NO_COMMON_BLOCKS = YES;
				GCC_OPTIMIZATION_LEVEL = 0;
				GCC_PREPROCESSOR_DEFINITIONS = (
					"DEBUG=1",
					"$(inherited)",
				);
				GCC_SYMBOLS_PRIVATE_EXTERN = NO;
				GCC_WARN_64_TO_32_BIT_CONVERSION = YES;
				GCC_WARN_ABOUT_RETURN_TYPE = YES_ERROR;
				GCC_WARN_UNDECLARED_SELECTOR = YES;
				GCC_WARN_UNINITIALIZED_AUTOS = YES_AGGRESSIVE;
				GCC_WARN_UNUSED_FUNCTION = YES;
				GCC_WARN_UNUSED_VARIABLE = YES;
				MACOSX_DEPLOYMENT_TARGET = 10.10;
				MTL_ENABLE_DEBUG_INFO = YES;
				ONLY_ACTIVE_ARCH = YES;
				SDKROOT = macosx;
			};
			name = Debug;
		};
		4BFEF42B1B7168C00041A7DB /* Release */ = {
			isa = XCBuildConfiguration;
			buildSettings = {
				ALWAYS_SEARCH_USER_PATHS = NO;
				CLANG_CXX_LANGUAGE_STANDARD = "gnu++0x";
				CLANG_CXX_LIBRARY = "libc++";
				CLANG_ENABLE_MODULES = YES;
				CLANG_ENABLE_OBJC_ARC = YES;
				CLANG_WARN_BOOL_CONVERSION = YES;
				CLANG_WARN_CONSTANT_CONVERSION = YES;
				CLANG_WARN_DIRECT_OBJC_ISA_USAGE = YES_ERROR;
				CLANG_WARN_EMPTY_BODY = YES;
				CLANG_WARN_ENUM_CONVERSION = YES;
				CLANG_WARN_INT_CONVERSION = YES;
				CLANG_WARN_OBJC_ROOT_CLASS = YES_ERROR;
				CLANG_WARN_UNREACHABLE_CODE = YES;
				CLANG_WARN__DUPLICATE_METHOD_MATCH = YES;
				COPY_PHASE_STRIP = NO;
				DEBUG_INFORMATION_FORMAT = "dwarf-with-dsym";
				ENABLE_NS_ASSERTIONS = NO;
				ENABLE_STRICT_OBJC_MSGSEND = YES;
				GCC_C_LANGUAGE_STANDARD = gnu99;
				GCC_NO_COMMON_BLOCKS = YES;
				GCC_WARN_64_TO_32_BIT_CONVERSION = YES;
				GCC_WARN_ABOUT_RETURN_TYPE = YES_ERROR;
				GCC_WARN_UNDECLARED_SELECTOR = YES;
				GCC_WARN_UNINITIALIZED_AUTOS = YES_AGGRESSIVE;
				GCC_WARN_UNUSED_FUNCTION = YES;
				GCC_WARN_UNUSED_VARIABLE = YES;
				MACOSX_DEPLOYMENT_TARGET = 10.10;
				MTL_ENABLE_DEBUG_INFO = NO;
				SDKROOT = macosx;
			};
			name = Release;
		};
		4BFEF42D1B7168C00041A7DB /* Debug */ = {
			isa = XCBuildConfiguration;
			buildSettings = {
				PRODUCT_NAME = "$(TARGET_NAME)";
			};
			name = Debug;
		};
		4BFEF42E1B7168C00041A7DB /* Release */ = {
			isa = XCBuildConfiguration;
			buildSettings = {
				PRODUCT_NAME = "$(TARGET_NAME)";
			};
			name = Release;
		};
/* End XCBuildConfiguration section */

/* Begin XCConfigurationList section */
		4BFEF4201B7168C00041A7DB /* Build configuration list for PBXProject "Lesson9-1" */ = {
			isa = XCConfigurationList;
			buildConfigurations = (
				4BFEF42A1B7168C00041A7DB /* Debug */,
				4BFEF42B1B7168C00041A7DB /* Release */,
			);
			defaultConfigurationIsVisible = 0;
			defaultConfigurationName = Release;
		};
		4BFEF42C1B7168C00041A7DB /* Build configuration list for PBXNativeTarget "Lesson9-1" */ = {
			isa = XCConfigurationList;
			buildConfigurations = (
				4BFEF42D1B7168C00041A7DB /* Debug */,
				4BFEF42E1B7168C00041A7DB /* Release */,
			);
			defaultConfigurationIsVisible = 0;
		};
/* End XCConfigurationList section */
	};
	rootObject = 4BFEF41D1B7168C00041A7DB /* Project object */;
}
